
Microsoft Visual Studio Solution File, Format Version 12.00
# Visual Studio Version 17
VisualStudioVersion = 17.6.33801.468
MinimumVisualStudioVersion = 10.0.40219.1
Project("{FAE04EC0-301F-11D3-BF4B-00C04F79EFBC}") = "WebApp_MBANF", "WebApp_MBANF\WebApp_MBANF.csproj", "{7861DF66-C867-4972-93DD-12E323129A95}"
EndProject
Global
	GlobalSection(SolutionConfigurationPlatforms) = preSolution
		Debug|Any CPU = Debug|Any CPU
		Release|Any CPU = Release|Any CPU
	EndGlobalSection
	GlobalSection(ProjectConfigurationPlatforms) = postSolution
		{7861DF66-C867-4972-93DD-12E323129A95}.Debug|Any CPU.ActiveCfg = Debug|Any CPU
		{7861DF66-C867-4972-93DD-12E323129A95}.Debug|Any CPU.Build.0 = Debug|Any CPU
		{7861DF66-C867-4972-93DD-12E323129A95}.Release|Any CPU.ActiveCfg = Release|Any CPU
		{7861DF66-C867-4972-93DD-12E323129A95}.Release|Any CPU.Build.0 = Release|Any CPU
	EndGlobalSection
	GlobalSection(SolutionProperties) = preSolution
		HideSolutionNode = FALSE
	EndGlobalSection
	GlobalSection(ExtensibilityGlobals) = postSolution
		SolutionGuid = {79E7E730-4BFA-47B9-81B2-85B9BCC46829}
	EndGlobalSection
EndGlobal
